{
  "pins" : [
    {
      "identity" : "cryptoswift",
      "kind" : "remoteSourceControl",
      "location" : "https://github.com/krzyzanowskim/CryptoSwift.git",
      "state" : {
        "revision" : "039f56c5d7960f277087a0be51f5eb04ed0ec073",
        "version" : "1.5.1"
      }
    },
    {
      "identity" : "restful-api",
      "kind" : "remoteSourceControl",
      "location" : "https://bitbucket.org/sinakhanjani/restful-api",
      "state" : {
        "revision" : "3a2058b7ed97f63eb671a2855fe0f9fce3e6956a",
        "version" : "1.4.5"
      }
    },
    {
      "identity" : "zip",
      "kind" : "remoteSourceControl",
      "location" : "https://github.com/marmelroy/Zip.git",
      "state" : {
        "revision" : "67fa55813b9e7b3b9acee9c0ae501def28746d76",
        "version" : "2.1.2"
      }
    }
  ],
  "version" : 2
}
